
Microsoft Visual Studio Solution File, Format Version 12.00
# Visual Studio Version 16
VisualStudioVersion = 16.0.30804.86
MinimumVisualStudioVersion = 10.0.40219.1
Project("{FAE04EC0-301F-11D3-BF4B-00C04F79EFBC}") = "Cooking", "Cooking\Cooking.csproj", "{F66C7DB2-A7BE-49A6-83D7-221A2569EA7B}"
EndProject
Global
	GlobalSection(SolutionConfigurationPlatforms) = preSolution
		Debug|Any CPU = Debug|Any CPU
		Release|Any CPU = Release|Any CPU
	EndGlobalSection
	GlobalSection(ProjectConfigurationPlatforms) = postSolution
		{F66C7DB2-A7BE-49A6-83D7-221A2569EA7B}.Debug|Any CPU.ActiveCfg = Debug|Any CPU
		{F66C7DB2-A7BE-49A6-83D7-221A2569EA7B}.Debug|Any CPU.Build.0 = Debug|Any CPU
		{F66C7DB2-A7BE-49A6-83D7-221A2569EA7B}.Release|Any CPU.ActiveCfg = Release|Any CPU
		{F66C7DB2-A7BE-49A6-83D7-221A2569EA7B}.Release|Any CPU.Build.0 = Release|Any CPU
	EndGlobalSection
	GlobalSection(SolutionProperties) = preSolution
		HideSolutionNode = FALSE
	EndGlobalSection
	GlobalSection(ExtensibilityGlobals) = postSolution
		SolutionGuid = {E0C0142E-9894-4D45-BEAE-09C831883EC8}
	EndGlobalSection
EndGlobal
