
Microsoft Visual Studio Solution File, Format Version 12.00
# Visual Studio Version 16
VisualStudioVersion = 16.0.30503.244
MinimumVisualStudioVersion = 10.0.40219.1
Project("{FAE04EC0-301F-11D3-BF4B-00C04F79EFBC}") = "ConsoleApp4", "ConsoleApp4\ConsoleApp4.csproj", "{D5BEDE51-7684-4353-A8DB-8462A8D8F01F}"
EndProject
Project("{FAE04EC0-301F-11D3-BF4B-00C04F79EFBC}") = "s", "s\s.csproj", "{97010227-4F6F-4319-991E-F8C88E3D8392}"
EndProject
Global
	GlobalSection(SolutionConfigurationPlatforms) = preSolution
		Debug|Any CPU = Debug|Any CPU
		Release|Any CPU = Release|Any CPU
	EndGlobalSection
	GlobalSection(ProjectConfigurationPlatforms) = postSolution
		{D5BEDE51-7684-4353-A8DB-8462A8D8F01F}.Debug|Any CPU.ActiveCfg = Debug|Any CPU
		{D5BEDE51-7684-4353-A8DB-8462A8D8F01F}.Debug|Any CPU.Build.0 = Debug|Any CPU
		{D5BEDE51-7684-4353-A8DB-8462A8D8F01F}.Release|Any CPU.ActiveCfg = Release|Any CPU
		{D5BEDE51-7684-4353-A8DB-8462A8D8F01F}.Release|Any CPU.Build.0 = Release|Any CPU
		{97010227-4F6F-4319-991E-F8C88E3D8392}.Debug|Any CPU.ActiveCfg = Debug|Any CPU
		{97010227-4F6F-4319-991E-F8C88E3D8392}.Debug|Any CPU.Build.0 = Debug|Any CPU
		{97010227-4F6F-4319-991E-F8C88E3D8392}.Release|Any CPU.ActiveCfg = Release|Any CPU
		{97010227-4F6F-4319-991E-F8C88E3D8392}.Release|Any CPU.Build.0 = Release|Any CPU
	EndGlobalSection
	GlobalSection(SolutionProperties) = preSolution
		HideSolutionNode = FALSE
	EndGlobalSection
	GlobalSection(ExtensibilityGlobals) = postSolution
		SolutionGuid = {527AA595-FB60-4806-90E2-FE1DE8E5CFBA}
	EndGlobalSection
EndGlobal
