
Microsoft Visual Studio Solution File, Format Version 12.00
# Visual Studio Version 16
VisualStudioVersion = 16.0.30804.86
MinimumVisualStudioVersion = 10.0.40219.1
Project("{FAE04EC0-301F-11D3-BF4B-00C04F79EFBC}") = "CAdvancedExam", "CAdvancedExam\CAdvancedExam.csproj", "{DD050CB6-12DA-4C5F-B05D-D3A3C7C27A74}"
EndProject
Project("{FAE04EC0-301F-11D3-BF4B-00C04F79EFBC}") = "ReVolt", "ReVolt\ReVolt.csproj", "{C29E361F-9C61-44DE-B166-1677C7C46355}"
EndProject
Global
	GlobalSection(SolutionConfigurationPlatforms) = preSolution
		Debug|Any CPU = Debug|Any CPU
		Release|Any CPU = Release|Any CPU
	EndGlobalSection
	GlobalSection(ProjectConfigurationPlatforms) = postSolution
		{DD050CB6-12DA-4C5F-B05D-D3A3C7C27A74}.Debug|Any CPU.ActiveCfg = Debug|Any CPU
		{DD050CB6-12DA-4C5F-B05D-D3A3C7C27A74}.Debug|Any CPU.Build.0 = Debug|Any CPU
		{DD050CB6-12DA-4C5F-B05D-D3A3C7C27A74}.Release|Any CPU.ActiveCfg = Release|Any CPU
		{DD050CB6-12DA-4C5F-B05D-D3A3C7C27A74}.Release|Any CPU.Build.0 = Release|Any CPU
		{C29E361F-9C61-44DE-B166-1677C7C46355}.Debug|Any CPU.ActiveCfg = Debug|Any CPU
		{C29E361F-9C61-44DE-B166-1677C7C46355}.Debug|Any CPU.Build.0 = Debug|Any CPU
		{C29E361F-9C61-44DE-B166-1677C7C46355}.Release|Any CPU.ActiveCfg = Release|Any CPU
		{C29E361F-9C61-44DE-B166-1677C7C46355}.Release|Any CPU.Build.0 = Release|Any CPU
	EndGlobalSection
	GlobalSection(SolutionProperties) = preSolution
		HideSolutionNode = FALSE
	EndGlobalSection
	GlobalSection(ExtensibilityGlobals) = postSolution
		SolutionGuid = {15C6AEDF-5EF5-4E5F-8EF1-26A2B087EDCD}
	EndGlobalSection
EndGlobal
