
Microsoft Visual Studio Solution File, Format Version 12.00
# Visual Studio Version 16
VisualStudioVersion = 16.0.31321.278
MinimumVisualStudioVersion = 10.0.40219.1
Project("{FAE04EC0-301F-11D3-BF4B-00C04F79EFBC}") = "Person", "Person\Person.csproj", "{7FB96032-9DEA-4DCC-AF5F-EE2836181318}"
EndProject
Global
	GlobalSection(SolutionConfigurationPlatforms) = preSolution
		Debug|Any CPU = Debug|Any CPU
		Release|Any CPU = Release|Any CPU
	EndGlobalSection
	GlobalSection(ProjectConfigurationPlatforms) = postSolution
		{7FB96032-9DEA-4DCC-AF5F-EE2836181318}.Debug|Any CPU.ActiveCfg = Debug|Any CPU
		{7FB96032-9DEA-4DCC-AF5F-EE2836181318}.Debug|Any CPU.Build.0 = Debug|Any CPU
		{7FB96032-9DEA-4DCC-AF5F-EE2836181318}.Release|Any CPU.ActiveCfg = Release|Any CPU
		{7FB96032-9DEA-4DCC-AF5F-EE2836181318}.Release|Any CPU.Build.0 = Release|Any CPU
	EndGlobalSection
	GlobalSection(SolutionProperties) = preSolution
		HideSolutionNode = FALSE
	EndGlobalSection
	GlobalSection(ExtensibilityGlobals) = postSolution
		SolutionGuid = {B58AD97B-DB87-436E-B56C-12CE2593DF4F}
	EndGlobalSection
EndGlobal
