
Microsoft Visual Studio Solution File, Format Version 12.00
# Visual Studio Version 16
VisualStudioVersion = 16.0.30503.244
MinimumVisualStudioVersion = 10.0.40219.1
Project("{FAE04EC0-301F-11D3-BF4B-00C04F79EFBC}") = "listsLab", "listsLab\listsLab.csproj", "{D3AB1813-CDC5-4806-9717-0672DAB2A686}"
EndProject
Project("{FAE04EC0-301F-11D3-BF4B-00C04F79EFBC}") = "listManipulationBasics", "listManipulationBasics\listManipulationBasics.csproj", "{6CF03E39-CBA9-4119-A4C4-47DD612D4763}"
EndProject
Global
	GlobalSection(SolutionConfigurationPlatforms) = preSolution
		Debug|Any CPU = Debug|Any CPU
		Release|Any CPU = Release|Any CPU
	EndGlobalSection
	GlobalSection(ProjectConfigurationPlatforms) = postSolution
		{D3AB1813-CDC5-4806-9717-0672DAB2A686}.Debug|Any CPU.ActiveCfg = Debug|Any CPU
		{D3AB1813-CDC5-4806-9717-0672DAB2A686}.Debug|Any CPU.Build.0 = Debug|Any CPU
		{D3AB1813-CDC5-4806-9717-0672DAB2A686}.Release|Any CPU.ActiveCfg = Release|Any CPU
		{D3AB1813-CDC5-4806-9717-0672DAB2A686}.Release|Any CPU.Build.0 = Release|Any CPU
		{6CF03E39-CBA9-4119-A4C4-47DD612D4763}.Debug|Any CPU.ActiveCfg = Debug|Any CPU
		{6CF03E39-CBA9-4119-A4C4-47DD612D4763}.Debug|Any CPU.Build.0 = Debug|Any CPU
		{6CF03E39-CBA9-4119-A4C4-47DD612D4763}.Release|Any CPU.ActiveCfg = Release|Any CPU
		{6CF03E39-CBA9-4119-A4C4-47DD612D4763}.Release|Any CPU.Build.0 = Release|Any CPU
	EndGlobalSection
	GlobalSection(SolutionProperties) = preSolution
		HideSolutionNode = FALSE
	EndGlobalSection
	GlobalSection(ExtensibilityGlobals) = postSolution
		SolutionGuid = {CC9E0BA8-6600-4DF3-83A0-C41523AF5F35}
	EndGlobalSection
EndGlobal
